# THIS IS AN AUTOGENERATED FILE. DO NOT EDIT THIS FILE DIRECTLY.
# yarn lockfile v1


json5@^2.2.1:
  version "2.2.1"
  resolved "https://registry.npmjs.org/json5/-/json5-2.2.1.tgz#655d50ed1e6f95ad1a3caababd2b0efda10b395c"
  integrity sha512-1hqLFMSrGHRHxav9q9gNjJ5EXznIxGVO09xQRrwplcS8qs28pZ8s8hupZAmqDwZUmVZ2Qb2jnyPOWcDH8m8dlA==

minimist@^1.2.6:
  version "1.2.6"
  resolved "https://registry.npmjs.org/minimist/-/minimist-1.2.6.tgz#8637a5b759ea0d6e98702cfb3a9283323c93af44"
  integrity sha512-Jsjnk4bw3YJqYzbdyBiNsPWHPfO++UGG749Cxs6peCu5Xg4nrena6OVxOYxrQTqww0Jmwt+Ref8rggumkTLz9Q==

miniprogram-api-typings@^3.4.6:
  version "3.4.6"
  resolved "https://registry.npmjs.org/miniprogram-api-typings/-/miniprogram-api-typings-3.4.6.tgz#324602325976a002dc99ebe0d396b1c7fc080ecf"
  integrity sha512-1/aAma9wWzu9KS8m/h4j43UHoKS+XO61kaUDdftnlgwEyBndr0jrPJf/gUzdZQOST0pkLWmF0IMotz+j/Nh5SQ==

strip-bom@^3.0.0:
  version "3.0.0"
  resolved "https://registry.npmjs.org/strip-bom/-/strip-bom-3.0.0.tgz#2334c18e9c759f7bdd56fdef7e9ae3d588e68ed3"
  integrity sha1-IzTBjpx1n3vdVv3vfprj1YjmjtM=

tsconfig-paths@^4.0.0:
  version "4.0.0"
  resolved "https://registry.npmjs.org/tsconfig-paths/-/tsconfig-paths-4.0.0.tgz#1082f5d99fd127b72397eef4809e4dd06d229b64"
  integrity sha512-SLBg2GBKlR6bVtMgJJlud/o3waplKtL7skmLkExomIiaAtLGtVsoXIqP3SYdjbcH9lq/KVv7pMZeCBpLYOit6Q==
  dependencies:
    json5 "^2.2.1"
    minimist "^1.2.6"
    strip-bom "^3.0.0"
